
Microsoft Visual Studio Solution File, Format Version 12.00
# Visual Studio Version 17
VisualStudioVersion = 17.6.33829.357
MinimumVisualStudioVersion = 10.0.40219.1
Project("{9A19103F-16F7-4668-BE54-9A1E7A4F7556}") = "ANSI-Converter", "src\ANSI-Converter.csproj", "{9E716D7B-3035-440F-8983-635E9B4F3648}"
EndProject
Global
	GlobalSection(SolutionConfigurationPlatforms) = preSolution
		Debug|Any CPU = Debug|Any CPU
		Debug|x64 = Debug|x64
		Debug|x86 = Debug|x86
		Release|Any CPU = Release|Any CPU
		Release|x64 = Release|x64
		Release|x86 = Release|x86
	EndGlobalSection
	GlobalSection(ProjectConfigurationPlatforms) = postSolution
		{9E716D7B-3035-440F-8983-635E9B4F3648}.Debug|Any CPU.ActiveCfg = Debug|Any CPU
		{9E716D7B-3035-440F-8983-635E9B4F3648}.Debug|Any CPU.Build.0 = Debug|Any CPU
		{9E716D7B-3035-440F-8983-635E9B4F3648}.Debug|x64.ActiveCfg = Debug|Any CPU
		{9E716D7B-3035-440F-8983-635E9B4F3648}.Debug|x64.Build.0 = Debug|Any CPU
		{9E716D7B-3035-440F-8983-635E9B4F3648}.Debug|x86.ActiveCfg = Debug|Any CPU
		{9E716D7B-3035-440F-8983-635E9B4F3648}.Debug|x86.Build.0 = Debug|Any CPU
		{9E716D7B-3035-440F-8983-635E9B4F3648}.Release|Any CPU.ActiveCfg = Release|Any CPU
		{9E716D7B-3035-440F-8983-635E9B4F3648}.Release|Any CPU.Build.0 = Release|Any CPU
		{9E716D7B-3035-440F-8983-635E9B4F3648}.Release|x64.ActiveCfg = Release|Any CPU
		{9E716D7B-3035-440F-8983-635E9B4F3648}.Release|x64.Build.0 = Release|Any CPU
		{9E716D7B-3035-440F-8983-635E9B4F3648}.Release|x86.ActiveCfg = Release|Any CPU
		{9E716D7B-3035-440F-8983-635E9B4F3648}.Release|x86.Build.0 = Release|Any CPU
	EndGlobalSection
	GlobalSection(SolutionProperties) = preSolution
		HideSolutionNode = FALSE
	EndGlobalSection
	GlobalSection(ExtensibilityGlobals) = postSolution
		SolutionGuid = {D232CCC7-BAFA-4396-AF27-35F0B0E9F51B}
	EndGlobalSection
EndGlobal
